
Microsoft Visual Studio Solution File, Format Version 12.00
# Visual Studio Version 17
VisualStudioVersion = 17.0.32014.148
MinimumVisualStudioVersion = 10.0.40219.1
Project("{2150E333-8FDC-42A3-9474-1A3956D46DE8}") = "src", "src", "{2CE9F4BD-B89E-4363-B4A9-2B53D49F7009}"
EndProject
Project("{9A19103F-16F7-4668-BE54-9A1E7A4F7556}") = "Infrastructure", "src\Infrastructure\Infrastructure.csproj", "{5294C5BA-091B-4887-9081-1FC8EB270800}"
EndProject
Project("{9A19103F-16F7-4668-BE54-9A1E7A4F7556}") = "Domain", "src\Domain\Domain.csproj", "{AD0DFAE6-C99D-479A-8018-3289B6B44B31}"
EndProject
Project("{9A19103F-16F7-4668-BE54-9A1E7A4F7556}") = "Application", "src\Application\Application.csproj", "{8B744D6A-5B59-4B3B-9635-A68266D6D845}"
EndProject
Project("{9A19103F-16F7-4668-BE54-9A1E7A4F7556}") = "WebApi", "src\WebApi\WebApi.csproj", "{471ABDDE-8267-47AB-8533-67D61F208408}"
EndProject
Global
	GlobalSection(SolutionConfigurationPlatforms) = preSolution
		Debug|Any CPU = Debug|Any CPU
		Release|Any CPU = Release|Any CPU
	EndGlobalSection
	GlobalSection(ProjectConfigurationPlatforms) = postSolution
		{5294C5BA-091B-4887-9081-1FC8EB270800}.Debug|Any CPU.ActiveCfg = Debug|Any CPU
		{5294C5BA-091B-4887-9081-1FC8EB270800}.Debug|Any CPU.Build.0 = Debug|Any CPU
		{5294C5BA-091B-4887-9081-1FC8EB270800}.Release|Any CPU.ActiveCfg = Release|Any CPU
		{5294C5BA-091B-4887-9081-1FC8EB270800}.Release|Any CPU.Build.0 = Release|Any CPU
		{AD0DFAE6-C99D-479A-8018-3289B6B44B31}.Debug|Any CPU.ActiveCfg = Debug|Any CPU
		{AD0DFAE6-C99D-479A-8018-3289B6B44B31}.Debug|Any CPU.Build.0 = Debug|Any CPU
		{AD0DFAE6-C99D-479A-8018-3289B6B44B31}.Release|Any CPU.ActiveCfg = Release|Any CPU
		{AD0DFAE6-C99D-479A-8018-3289B6B44B31}.Release|Any CPU.Build.0 = Release|Any CPU
		{8B744D6A-5B59-4B3B-9635-A68266D6D845}.Debug|Any CPU.ActiveCfg = Debug|Any CPU
		{8B744D6A-5B59-4B3B-9635-A68266D6D845}.Debug|Any CPU.Build.0 = Debug|Any CPU
		{8B744D6A-5B59-4B3B-9635-A68266D6D845}.Release|Any CPU.ActiveCfg = Release|Any CPU
		{8B744D6A-5B59-4B3B-9635-A68266D6D845}.Release|Any CPU.Build.0 = Release|Any CPU
		{471ABDDE-8267-47AB-8533-67D61F208408}.Debug|Any CPU.ActiveCfg = Debug|Any CPU
		{471ABDDE-8267-47AB-8533-67D61F208408}.Debug|Any CPU.Build.0 = Debug|Any CPU
		{471ABDDE-8267-47AB-8533-67D61F208408}.Release|Any CPU.ActiveCfg = Release|Any CPU
		{471ABDDE-8267-47AB-8533-67D61F208408}.Release|Any CPU.Build.0 = Release|Any CPU
	EndGlobalSection
	GlobalSection(SolutionProperties) = preSolution
		HideSolutionNode = FALSE
	EndGlobalSection
	GlobalSection(NestedProjects) = preSolution
		{5294C5BA-091B-4887-9081-1FC8EB270800} = {2CE9F4BD-B89E-4363-B4A9-2B53D49F7009}
		{AD0DFAE6-C99D-479A-8018-3289B6B44B31} = {2CE9F4BD-B89E-4363-B4A9-2B53D49F7009}
		{8B744D6A-5B59-4B3B-9635-A68266D6D845} = {2CE9F4BD-B89E-4363-B4A9-2B53D49F7009}
		{471ABDDE-8267-47AB-8533-67D61F208408} = {2CE9F4BD-B89E-4363-B4A9-2B53D49F7009}
	EndGlobalSection
	GlobalSection(ExtensibilityGlobals) = postSolution
		SolutionGuid = {6C9CE229-1A3D-45E7-A2AA-BC1ACE8891ED}
	EndGlobalSection
EndGlobal
